
Microsoft Visual Studio Solution File, Format Version 12.00
# Visual Studio Version 16
VisualStudioVersion = 16.0.29326.143
MinimumVisualStudioVersion = 10.0.40219.1
Project("{FAE04EC0-301F-11D3-BF4B-00C04F79EFBC}") = "NPazzel", "NPazzel\NPazzel.csproj", "{85AB4447-38CB-433B-8009-B639546DC288}"
EndProject
Global
	GlobalSection(SolutionConfigurationPlatforms) = preSolution
		Debug|Any CPU = Debug|Any CPU
		Release|Any CPU = Release|Any CPU
	EndGlobalSection
	GlobalSection(ProjectConfigurationPlatforms) = postSolution
		{85AB4447-38CB-433B-8009-B639546DC288}.Debug|Any CPU.ActiveCfg = Debug|Any CPU
		{85AB4447-38CB-433B-8009-B639546DC288}.Debug|Any CPU.Build.0 = Debug|Any CPU
		{85AB4447-38CB-433B-8009-B639546DC288}.Release|Any CPU.ActiveCfg = Release|Any CPU
		{85AB4447-38CB-433B-8009-B639546DC288}.Release|Any CPU.Build.0 = Release|Any CPU
	EndGlobalSection
	GlobalSection(SolutionProperties) = preSolution
		HideSolutionNode = FALSE
	EndGlobalSection
	GlobalSection(ExtensibilityGlobals) = postSolution
		SolutionGuid = {E708D926-880B-4F1C-8158-E996DEBA692B}
	EndGlobalSection
EndGlobal
